
Microsoft Visual Studio Solution File, Format Version 12.00
# Visual Studio Version 17
VisualStudioVersion = 17.1.32421.90
MinimumVisualStudioVersion = 10.0.40219.1
Project("{FAE04EC0-301F-11D3-BF4B-00C04F79EFBC}") = "KampManager", "KampManager\KampManager.csproj", "{CBD71196-292F-42DA-9CC5-615280644637}"
EndProject
Global
	GlobalSection(SolutionConfigurationPlatforms) = preSolution
		Debug|Any CPU = Debug|Any CPU
		Release|Any CPU = Release|Any CPU
	EndGlobalSection
	GlobalSection(ProjectConfigurationPlatforms) = postSolution
		{CBD71196-292F-42DA-9CC5-615280644637}.Debug|Any CPU.ActiveCfg = Debug|Any CPU
		{CBD71196-292F-42DA-9CC5-615280644637}.Debug|Any CPU.Build.0 = Debug|Any CPU
		{CBD71196-292F-42DA-9CC5-615280644637}.Release|Any CPU.ActiveCfg = Release|Any CPU
		{CBD71196-292F-42DA-9CC5-615280644637}.Release|Any CPU.Build.0 = Release|Any CPU
	EndGlobalSection
	GlobalSection(SolutionProperties) = preSolution
		HideSolutionNode = FALSE
	EndGlobalSection
	GlobalSection(ExtensibilityGlobals) = postSolution
		SolutionGuid = {925F642C-9EE4-4394-980E-9A2A57D009BB}
	EndGlobalSection
EndGlobal
